
Microsoft Visual Studio Solution File, Format Version 12.00
# Visual Studio Version 16
VisualStudioVersion = 16.0.33529.622
MinimumVisualStudioVersion = 10.0.40219.1
Project("{FAE04EC0-301F-11D3-BF4B-00C04F79EFBC}") = "VideoSharingTryIT", "VideoSharingTryIT\VideoSharingTryIT.csproj", "{6B67615F-FD36-4871-BD1C-54C15C3721F3}"
EndProject
Global
	GlobalSection(SolutionConfigurationPlatforms) = preSolution
		Debug|Any CPU = Debug|Any CPU
		Release|Any CPU = Release|Any CPU
	EndGlobalSection
	GlobalSection(ProjectConfigurationPlatforms) = postSolution
		{6B67615F-FD36-4871-BD1C-54C15C3721F3}.Debug|Any CPU.ActiveCfg = Debug|Any CPU
		{6B67615F-FD36-4871-BD1C-54C15C3721F3}.Debug|Any CPU.Build.0 = Debug|Any CPU
		{6B67615F-FD36-4871-BD1C-54C15C3721F3}.Release|Any CPU.ActiveCfg = Release|Any CPU
		{6B67615F-FD36-4871-BD1C-54C15C3721F3}.Release|Any CPU.Build.0 = Release|Any CPU
	EndGlobalSection
	GlobalSection(SolutionProperties) = preSolution
		HideSolutionNode = FALSE
	EndGlobalSection
	GlobalSection(ExtensibilityGlobals) = postSolution
		SolutionGuid = {35A57599-EFBE-4748-91AD-2E3FC76E736D}
	EndGlobalSection
EndGlobal
